
Microsoft Visual Studio Solution File, Format Version 12.00
# Visual Studio Version 17
VisualStudioVersion = 17.13.35913.81 d17.13
MinimumVisualStudioVersion = 10.0.40219.1
Project("{FAE04EC0-301F-11D3-BF4B-00C04F79EFBC}") = "RegistrationApi", "RegistrationApi\RegistrationApi.csproj", "{80E827D3-7026-4D7F-9B96-B1BFA4564881}"
EndProject
Global
	GlobalSection(SolutionConfigurationPlatforms) = preSolution
		Debug|Any CPU = Debug|Any CPU
		Release|Any CPU = Release|Any CPU
	EndGlobalSection
	GlobalSection(ProjectConfigurationPlatforms) = postSolution
		{80E827D3-7026-4D7F-9B96-B1BFA4564881}.Debug|Any CPU.ActiveCfg = Debug|Any CPU
		{80E827D3-7026-4D7F-9B96-B1BFA4564881}.Debug|Any CPU.Build.0 = Debug|Any CPU
		{80E827D3-7026-4D7F-9B96-B1BFA4564881}.Release|Any CPU.ActiveCfg = Release|Any CPU
		{80E827D3-7026-4D7F-9B96-B1BFA4564881}.Release|Any CPU.Build.0 = Release|Any CPU
	EndGlobalSection
	GlobalSection(SolutionProperties) = preSolution
		HideSolutionNode = FALSE
	EndGlobalSection
	GlobalSection(ExtensibilityGlobals) = postSolution
		SolutionGuid = {ACF19B91-B6B3-488E-9F5D-B4F54F7FBF8C}
	EndGlobalSection
EndGlobal
